
Microsoft Visual Studio Solution File, Format Version 12.00
# Visual Studio Version 16
VisualStudioVersion = 16.0.31729.503
MinimumVisualStudioVersion = 10.0.40219.1
Project("{FAE04EC0-301F-11D3-BF4B-00C04F79EFBC}") = "WpfApp1", "WpfApp1.csproj", "{A2972B96-327B-431C-882C-4D478D4018D2}"
EndProject
Global
	GlobalSection(SolutionConfigurationPlatforms) = preSolution
		Debug|Any CPU = Debug|Any CPU
		Release|Any CPU = Release|Any CPU
	EndGlobalSection
	GlobalSection(ProjectConfigurationPlatforms) = postSolution
		{A2972B96-327B-431C-882C-4D478D4018D2}.Debug|Any CPU.ActiveCfg = Debug|Any CPU
		{A2972B96-327B-431C-882C-4D478D4018D2}.Debug|Any CPU.Build.0 = Debug|Any CPU
		{A2972B96-327B-431C-882C-4D478D4018D2}.Release|Any CPU.ActiveCfg = Release|Any CPU
		{A2972B96-327B-431C-882C-4D478D4018D2}.Release|Any CPU.Build.0 = Release|Any CPU
	EndGlobalSection
	GlobalSection(SolutionProperties) = preSolution
		HideSolutionNode = FALSE
	EndGlobalSection
	GlobalSection(ExtensibilityGlobals) = postSolution
		SolutionGuid = {CD1CE251-9D55-4584-B641-C6B5706669D7}
	EndGlobalSection
EndGlobal
