
Microsoft Visual Studio Solution File, Format Version 12.00
# Visual Studio Version 16
VisualStudioVersion = 16.0.31729.503
MinimumVisualStudioVersion = 10.0.40219.1
Project("{FAE04EC0-301F-11D3-BF4B-00C04F79EFBC}") = "WpfProj1", "WpfProj1.csproj", "{0E70ADB1-75AE-4E7E-BE0D-CC8A69AC5EE9}"
EndProject
Project("{FAE04EC0-301F-11D3-BF4B-00C04F79EFBC}") = "WpfProj2", "..\WpfProj2\WpfProj2.csproj", "{BD45C4CC-95AE-4BE1-99F3-7637BA5018EE}"
EndProject
Global
	GlobalSection(SolutionConfigurationPlatforms) = preSolution
		Debug|Any CPU = Debug|Any CPU
		Release|Any CPU = Release|Any CPU
	EndGlobalSection
	GlobalSection(ProjectConfigurationPlatforms) = postSolution
		{0E70ADB1-75AE-4E7E-BE0D-CC8A69AC5EE9}.Debug|Any CPU.ActiveCfg = Debug|Any CPU
		{0E70ADB1-75AE-4E7E-BE0D-CC8A69AC5EE9}.Debug|Any CPU.Build.0 = Debug|Any CPU
		{0E70ADB1-75AE-4E7E-BE0D-CC8A69AC5EE9}.Release|Any CPU.ActiveCfg = Release|Any CPU
		{0E70ADB1-75AE-4E7E-BE0D-CC8A69AC5EE9}.Release|Any CPU.Build.0 = Release|Any CPU
		{BD45C4CC-95AE-4BE1-99F3-7637BA5018EE}.Debug|Any CPU.ActiveCfg = Debug|Any CPU
		{BD45C4CC-95AE-4BE1-99F3-7637BA5018EE}.Debug|Any CPU.Build.0 = Debug|Any CPU
		{BD45C4CC-95AE-4BE1-99F3-7637BA5018EE}.Release|Any CPU.ActiveCfg = Release|Any CPU
		{BD45C4CC-95AE-4BE1-99F3-7637BA5018EE}.Release|Any CPU.Build.0 = Release|Any CPU
	EndGlobalSection
	GlobalSection(SolutionProperties) = preSolution
		HideSolutionNode = FALSE
	EndGlobalSection
	GlobalSection(ExtensibilityGlobals) = postSolution
		SolutionGuid = {A4E1A57C-2C5A-49A5-9982-2A87157F9F07}
	EndGlobalSection
EndGlobal
